
Microsoft Visual Studio Solution File, Format Version 12.00
# Visual Studio 14
VisualStudioVersion = 14.0.25123.0
MinimumVisualStudioVersion = 10.0.40219.1
Project("{FAE04EC0-301F-11D3-BF4B-00C04F79EFBC}") = "Core", "Core\Core.csproj", "{640C039E-2E62-4020-9453-00465B093D56}"
EndProject
Project("{FAE04EC0-301F-11D3-BF4B-00C04F79EFBC}") = "WebDriver", "WebDriver\WebDriver.csproj", "{C9319896-526F-47BF-B1C1-02A8DB04738F}"
EndProject
Project("{FAE04EC0-301F-11D3-BF4B-00C04F79EFBC}") = "ConsoleApplication1", "ConsoleApplication1\ConsoleApplication1.csproj", "{74B27288-7261-46C3-8F63-B974F91D8BFB}"
EndProject
Global
	GlobalSection(SolutionConfigurationPlatforms) = preSolution
		Debug|Any CPU = Debug|Any CPU
		Release|Any CPU = Release|Any CPU
	EndGlobalSection
	GlobalSection(ProjectConfigurationPlatforms) = postSolution
		{640C039E-2E62-4020-9453-00465B093D56}.Debug|Any CPU.ActiveCfg = Debug|Any CPU
		{640C039E-2E62-4020-9453-00465B093D56}.Debug|Any CPU.Build.0 = Debug|Any CPU
		{640C039E-2E62-4020-9453-00465B093D56}.Release|Any CPU.ActiveCfg = Release|Any CPU
		{640C039E-2E62-4020-9453-00465B093D56}.Release|Any CPU.Build.0 = Release|Any CPU
		{C9319896-526F-47BF-B1C1-02A8DB04738F}.Debug|Any CPU.ActiveCfg = Debug|Any CPU
		{C9319896-526F-47BF-B1C1-02A8DB04738F}.Debug|Any CPU.Build.0 = Debug|Any CPU
		{C9319896-526F-47BF-B1C1-02A8DB04738F}.Release|Any CPU.ActiveCfg = Release|Any CPU
		{C9319896-526F-47BF-B1C1-02A8DB04738F}.Release|Any CPU.Build.0 = Release|Any CPU
		{74B27288-7261-46C3-8F63-B974F91D8BFB}.Debug|Any CPU.ActiveCfg = Debug|Any CPU
		{74B27288-7261-46C3-8F63-B974F91D8BFB}.Debug|Any CPU.Build.0 = Debug|Any CPU
		{74B27288-7261-46C3-8F63-B974F91D8BFB}.Release|Any CPU.ActiveCfg = Release|Any CPU
		{74B27288-7261-46C3-8F63-B974F91D8BFB}.Release|Any CPU.Build.0 = Release|Any CPU
	EndGlobalSection
	GlobalSection(SolutionProperties) = preSolution
		HideSolutionNode = FALSE
	EndGlobalSection
EndGlobal
